{
  "name": "blockchain-developer-bootcamp-final-project",
  "version": "1.0.0",
  "lockfileVersion": 2,
  "requires": true,
  "packages": {
    "": {
      "name": "blockchain-developer-bootcamp-final-project",
      "version": "1.0.0",
      "devDependencies": {
        "solidity-linked-list": "^5.0.0"
      }
    },
    "node_modules/solidity-linked-list": {
      "version": "5.0.0",
      "resolved": "https://registry.npmjs.org/solidity-linked-list/-/solidity-linked-list-5.0.0.tgz",
      "integrity": "sha512-TqEYdQQ4LF36Ht6AZO0tL3lT7oFa9H3x+T5mKvtprlEdIyNREMhnz7tVtI5IaZ5p6mHjWo2CzR+sAB5NxJrIFA==",
      "dev": true
    }
  },
  "dependencies": {
    "solidity-linked-list": {
      "version": "5.0.0",
      "resolved": "https://registry.npmjs.org/solidity-linked-list/-/solidity-linked-list-5.0.0.tgz",
      "integrity": "sha512-TqEYdQQ4LF36Ht6AZO0tL3lT7oFa9H3x+T5mKvtprlEdIyNREMhnz7tVtI5IaZ5p6mHjWo2CzR+sAB5NxJrIFA==",
      "dev": true
    }
  }
}
